
Microsoft Visual Studio Solution File, Format Version 12.00
# Visual Studio Version 17
VisualStudioVersion = 17.14.36518.9
MinimumVisualStudioVersion = 10.0.40219.1
Project("{FAE04EC0-301F-11D3-BF4B-00C04F79EFBC}") = "MermaidStudio.UI.Avalonia", "MermaidStudio.UI.Avalonia\MermaidStudio.UI.Avalonia.csproj", "{4F0B7F4A-58E1-4BA2-A203-74A972100615}"
EndProject
Project("{FAE04EC0-301F-11D3-BF4B-00C04F79EFBC}") = "MermaidStudio.Domain", "MermaidStudio.Domain\MermaidStudio.Domain.csproj", "{A2D747C4-C92B-D7FD-BCAB-94A661FAF1D1}"
EndProject
Project("{FAE04EC0-301F-11D3-BF4B-00C04F79EFBC}") = "MermaidStudio.Application", "MermaidStudio.Application\MermaidStudio.Application.csproj", "{EC6CD31C-8CE0-216C-C342-75997581EA33}"
EndProject
Global
	GlobalSection(SolutionConfigurationPlatforms) = preSolution
		Debug|Any CPU = Debug|Any CPU
		Release|Any CPU = Release|Any CPU
	EndGlobalSection
	GlobalSection(ProjectConfigurationPlatforms) = postSolution
		{4F0B7F4A-58E1-4BA2-A203-74A972100615}.Debug|Any CPU.ActiveCfg = Debug|Any CPU
		{4F0B7F4A-58E1-4BA2-A203-74A972100615}.Debug|Any CPU.Build.0 = Debug|Any CPU
		{4F0B7F4A-58E1-4BA2-A203-74A972100615}.Release|Any CPU.ActiveCfg = Release|Any CPU
		{4F0B7F4A-58E1-4BA2-A203-74A972100615}.Release|Any CPU.Build.0 = Release|Any CPU
		{A2D747C4-C92B-D7FD-BCAB-94A661FAF1D1}.Debug|Any CPU.ActiveCfg = Debug|Any CPU
		{A2D747C4-C92B-D7FD-BCAB-94A661FAF1D1}.Debug|Any CPU.Build.0 = Debug|Any CPU
		{A2D747C4-C92B-D7FD-BCAB-94A661FAF1D1}.Release|Any CPU.ActiveCfg = Release|Any CPU
		{A2D747C4-C92B-D7FD-BCAB-94A661FAF1D1}.Release|Any CPU.Build.0 = Release|Any CPU
		{EC6CD31C-8CE0-216C-C342-75997581EA33}.Debug|Any CPU.ActiveCfg = Debug|Any CPU
		{EC6CD31C-8CE0-216C-C342-75997581EA33}.Debug|Any CPU.Build.0 = Debug|Any CPU
		{EC6CD31C-8CE0-216C-C342-75997581EA33}.Release|Any CPU.ActiveCfg = Release|Any CPU
		{EC6CD31C-8CE0-216C-C342-75997581EA33}.Release|Any CPU.Build.0 = Release|Any CPU
	EndGlobalSection
	GlobalSection(SolutionProperties) = preSolution
		HideSolutionNode = FALSE
	EndGlobalSection
	GlobalSection(ExtensibilityGlobals) = postSolution
		SolutionGuid = {57E9218C-91E7-4A26-94F1-59CD0999DCC1}
	EndGlobalSection
EndGlobal
